{
  "object": {
    "pins": [
      {
        "package": "Sodium",
        "repositoryURL": "https://github.com/TICESoftware/swift-sodium.git",
        "state": {
          "branch": "linux",
          "revision": "d9ce2f0a2746f978ecd7d2c49f4fae2486f34567",
          "version": null
        }
      }
    ]
  },
  "version": 1
}
